dependencies:
- name: qdrant
  repository: https://qdrant.github.io/qdrant-helm
  version: 1.13.4
- name: keycloak-operator
  repository: https://kbumsik.io/keycloak-kubernetes/
  version: 0.0.4
- name: altinity-clickhouse-operator
  repository: https://docs.altinity.com/clickhouse-operator/
  version: 0.24.4
digest: sha256:ededf3f70c582f126598b611e9afea9e470d54e89504f6297d545ba35679758c
generated: "2025-02-27T18:02:34.953944331-08:00"
